
Microsoft Visual Studio Solution File, Format Version 12.00
# Visual Studio Version 17
VisualStudioVersion = 17.12.35527.113 d17.12
MinimumVisualStudioVersion = 10.0.40219.1
Project("{FAE04EC0-301F-11D3-BF4B-00C04F79EFBC}") = "TestCaseSupport", "testcasesupport\TestCaseSupport\TestCaseSupport.csproj", "{4CDBAE35-8CD1-4A0F-8912-B79D0BB43B83}"
EndProject
Project("{FAE04EC0-301F-11D3-BF4B-00C04F79EFBC}") = "CWE89_SQL_Injection_s01", "testcases\CWE_89_S01\CWE89_SQL_Injection_s01.csproj", "{22FC9F8E-4BB1-7B1C-E360-6A24B52FB17B}"
EndProject
Project("{FAE04EC0-301F-11D3-BF4B-00C04F79EFBC}") = "CWE191_Integer_Underflow_s01", "testcases\CWE_91_01\CWE191_Integer_Underflow_s01.csproj", "{CCD42E60-1015-8E23-F6DF-14E3FB9DDC80}"
EndProject
Project("{FAE04EC0-301F-11D3-BF4B-00C04F79EFBC}") = "CWE369_Divide_by_Zero_s01", "testcases\CWE369_Divide_by_Zero\CWE369_Divide_by_Zero_s01.csproj", "{59B268B4-1025-3249-DBF2-3143C7D853F3}"
EndProject
Project("{FAE04EC0-301F-11D3-BF4B-00C04F79EFBC}") = "CWE470_Unsafe_Reflection", "testcases\CWE470_Unsafe_Reflection\CWE470_Unsafe_Reflection.csproj", "{97406F0E-8A06-58F2-BEB0-F3DB9289A78F}"
EndProject
Project("{FAE04EC0-301F-11D3-BF4B-00C04F79EFBC}") = "CWE571_Expression_Always_True", "testcases\CWE571_Expression_Always_True\CWE571_Expression_Always_True.csproj", "{C51B4BD2-5C25-174D-7A6B-0235F6DB6E17}"
EndProject
Project("{FAE04EC0-301F-11D3-BF4B-00C04F79EFBC}") = "CWE759_Unsalted_One_Way_Hash", "testcases\CWE759_Unsalted_One_Way_Hash\CWE759_Unsalted_One_Way_Hash.csproj", "{64DD1BA5-5BBD-2983-CFC4-D252854D0EDD}"
EndProject
Project("{FAE04EC0-301F-11D3-BF4B-00C04F79EFBC}") = "CWE760_Predictable_Salt_One_Way_Hash", "testcases\CWE760_Predictable_Salt_One_Way_Hash\CWE760_Predictable_Salt_One_Way_Hash.csproj", "{79111E74-E429-FAB6-0891-3ED10C26EE38}"
EndProject
Global
	GlobalSection(SolutionConfigurationPlatforms) = preSolution
		Debug|Any CPU = Debug|Any CPU
		Release|Any CPU = Release|Any CPU
	EndGlobalSection
	GlobalSection(ProjectConfigurationPlatforms) = postSolution
		{4CDBAE35-8CD1-4A0F-8912-B79D0BB43B83}.Debug|Any CPU.ActiveCfg = Debug|Any CPU
		{4CDBAE35-8CD1-4A0F-8912-B79D0BB43B83}.Debug|Any CPU.Build.0 = Debug|Any CPU
		{4CDBAE35-8CD1-4A0F-8912-B79D0BB43B83}.Release|Any CPU.ActiveCfg = Release|Any CPU
		{4CDBAE35-8CD1-4A0F-8912-B79D0BB43B83}.Release|Any CPU.Build.0 = Release|Any CPU
		{22FC9F8E-4BB1-7B1C-E360-6A24B52FB17B}.Debug|Any CPU.ActiveCfg = Debug|Any CPU
		{22FC9F8E-4BB1-7B1C-E360-6A24B52FB17B}.Debug|Any CPU.Build.0 = Debug|Any CPU
		{22FC9F8E-4BB1-7B1C-E360-6A24B52FB17B}.Release|Any CPU.ActiveCfg = Release|Any CPU
		{22FC9F8E-4BB1-7B1C-E360-6A24B52FB17B}.Release|Any CPU.Build.0 = Release|Any CPU
		{CCD42E60-1015-8E23-F6DF-14E3FB9DDC80}.Debug|Any CPU.ActiveCfg = Debug|Any CPU
		{CCD42E60-1015-8E23-F6DF-14E3FB9DDC80}.Debug|Any CPU.Build.0 = Debug|Any CPU
		{CCD42E60-1015-8E23-F6DF-14E3FB9DDC80}.Release|Any CPU.ActiveCfg = Release|Any CPU
		{CCD42E60-1015-8E23-F6DF-14E3FB9DDC80}.Release|Any CPU.Build.0 = Release|Any CPU
		{59B268B4-1025-3249-DBF2-3143C7D853F3}.Debug|Any CPU.ActiveCfg = Debug|Any CPU
		{59B268B4-1025-3249-DBF2-3143C7D853F3}.Debug|Any CPU.Build.0 = Debug|Any CPU
		{59B268B4-1025-3249-DBF2-3143C7D853F3}.Release|Any CPU.ActiveCfg = Release|Any CPU
		{59B268B4-1025-3249-DBF2-3143C7D853F3}.Release|Any CPU.Build.0 = Release|Any CPU
		{97406F0E-8A06-58F2-BEB0-F3DB9289A78F}.Debug|Any CPU.ActiveCfg = Debug|Any CPU
		{97406F0E-8A06-58F2-BEB0-F3DB9289A78F}.Debug|Any CPU.Build.0 = Debug|Any CPU
		{97406F0E-8A06-58F2-BEB0-F3DB9289A78F}.Release|Any CPU.ActiveCfg = Release|Any CPU
		{97406F0E-8A06-58F2-BEB0-F3DB9289A78F}.Release|Any CPU.Build.0 = Release|Any CPU
		{C51B4BD2-5C25-174D-7A6B-0235F6DB6E17}.Debug|Any CPU.ActiveCfg = Debug|Any CPU
		{C51B4BD2-5C25-174D-7A6B-0235F6DB6E17}.Debug|Any CPU.Build.0 = Debug|Any CPU
		{C51B4BD2-5C25-174D-7A6B-0235F6DB6E17}.Release|Any CPU.ActiveCfg = Release|Any CPU
		{C51B4BD2-5C25-174D-7A6B-0235F6DB6E17}.Release|Any CPU.Build.0 = Release|Any CPU
		{64DD1BA5-5BBD-2983-CFC4-D252854D0EDD}.Debug|Any CPU.ActiveCfg = Debug|Any CPU
		{64DD1BA5-5BBD-2983-CFC4-D252854D0EDD}.Debug|Any CPU.Build.0 = Debug|Any CPU
		{64DD1BA5-5BBD-2983-CFC4-D252854D0EDD}.Release|Any CPU.ActiveCfg = Release|Any CPU
		{64DD1BA5-5BBD-2983-CFC4-D252854D0EDD}.Release|Any CPU.Build.0 = Release|Any CPU
		{79111E74-E429-FAB6-0891-3ED10C26EE38}.Debug|Any CPU.ActiveCfg = Debug|Any CPU
		{79111E74-E429-FAB6-0891-3ED10C26EE38}.Debug|Any CPU.Build.0 = Debug|Any CPU
		{79111E74-E429-FAB6-0891-3ED10C26EE38}.Release|Any CPU.ActiveCfg = Release|Any CPU
		{79111E74-E429-FAB6-0891-3ED10C26EE38}.Release|Any CPU.Build.0 = Release|Any CPU
	EndGlobalSection
	GlobalSection(SolutionProperties) = preSolution
		HideSolutionNode = FALSE
	EndGlobalSection
EndGlobal
